
Microsoft Visual Studio Solution File, Format Version 12.00
# Visual Studio 15
VisualStudioVersion = 15.0.28307.168
MinimumVisualStudioVersion = 10.0.40219.1
Project("{9A19103F-16F7-4668-BE54-9A1E7A4F7556}") = "lab-19-collections", "lab-19-collections\lab-19-collections.csproj", "{5FBFBFC5-E81D-4CF3-B804-1B5CE6E58C74}"
EndProject
Project("{FAE04EC0-301F-11D3-BF4B-00C04F79EFBC}") = "CollectionsTests", "CollectionsTests\CollectionsTests.csproj", "{C0AA2452-0F11-4D17-A724-1BF481BA929A}"
EndProject
Global
	GlobalSection(SolutionConfigurationPlatforms) = preSolution
		Debug|Any CPU = Debug|Any CPU
		Release|Any CPU = Release|Any CPU
	EndGlobalSection
	GlobalSection(ProjectConfigurationPlatforms) = postSolution
		{5FBFBFC5-E81D-4CF3-B804-1B5CE6E58C74}.Debug|Any CPU.ActiveCfg = Debug|Any CPU
		{5FBFBFC5-E81D-4CF3-B804-1B5CE6E58C74}.Debug|Any CPU.Build.0 = Debug|Any CPU
		{5FBFBFC5-E81D-4CF3-B804-1B5CE6E58C74}.Release|Any CPU.ActiveCfg = Release|Any CPU
		{5FBFBFC5-E81D-4CF3-B804-1B5CE6E58C74}.Release|Any CPU.Build.0 = Release|Any CPU
		{C0AA2452-0F11-4D17-A724-1BF481BA929A}.Debug|Any CPU.ActiveCfg = Debug|Any CPU
		{C0AA2452-0F11-4D17-A724-1BF481BA929A}.Debug|Any CPU.Build.0 = Debug|Any CPU
		{C0AA2452-0F11-4D17-A724-1BF481BA929A}.Release|Any CPU.ActiveCfg = Release|Any CPU
		{C0AA2452-0F11-4D17-A724-1BF481BA929A}.Release|Any CPU.Build.0 = Release|Any CPU
	EndGlobalSection
	GlobalSection(SolutionProperties) = preSolution
		HideSolutionNode = FALSE
	EndGlobalSection
	GlobalSection(ExtensibilityGlobals) = postSolution
		SolutionGuid = {AF3DDDAE-6E50-4550-A4F0-34D181257164}
	EndGlobalSection
EndGlobal
